uuid: 34d0836b-ba2c-4aa5-94b2-df0411f9f702
langcode: en
status: true
dependencies:
  content:
    - 'file:file:ce6eac9c-ac9b-4567-9ec3-eb163e6d8d0d'
_core:
  default_config_hash: P3BDW5xHq8X-hJ2ZyntRWSP1lmj_cTxF6ndI9A7iGqk
id: bp_block
label: 'Drupal Block'
icon_uuid: ce6eac9c-ac9b-4567-9ec3-eb163e6d8d0d
icon_default: 'data:image/svg+xml;base64,PD94bWwgdmVyc2lvbj0iMS4wIiBlbmNvZGluZz0idXRmLTgiPz4NCjwhLS0gVXBsb2FkZWQgdG86IFNWRyBSZXBvLCB3d3cuc3ZncmVwby5jb20sIEdlbmVyYXRvcjogU1ZHIFJlcG8gTWl4ZXIgVG9vbHMgLS0+DQo8c3ZnIHdpZHRoPSI4MDBweCIgaGVpZ2h0PSI4MDBweCIgdmlld0JveD0iMCAwIDEwMjQgMTAyNCIgY2xhc3M9Imljb24iICB2ZXJzaW9uPSIxLjEiIHhtbG5zPSJodHRwOi8vd3d3LnczLm9yZy8yMDAwL3N2ZyI+PHBhdGggZD0iTTc0MS43IDg0NC40SDI4Mi4zYy0xNy40IDAtMzEuNS0xNC4xLTMxLjUtMzEuNVYyMTEuMWMwLTE3LjQgMTQuMS0zMS41IDMxLjUtMzEuNWg0NTkuNGMxNy40IDAgMzEuNSAxNC4xIDMxLjUgMzEuNXY2MDEuOGMwIDE3LjQtMTQuMSAzMS41LTMxLjUgMzEuNXoiIGZpbGw9IiM2OEEyNDAiIC8+PHBhdGggZD0iTTc0MS43IDg0OS45SDI4Mi4zYy0yMC40IDAtMzctMTYuNi0zNy0zN1YyMTEuMWMwLTIwLjQgMTYuNi0zNyAzNy0zN2g0NTkuNGMyMC40IDAgMzcgMTYuNiAzNyAzN3Y2MDEuOGMwIDIwLjQtMTYuNiAzNy0zNyAzN3pNMjgyLjMgMTg1LjFjLTE0LjMgMC0yNiAxMS43LTI2IDI2djYwMS44YzAgMTQuMyAxMS43IDI2IDI2IDI2aDQ1OS40YzE0LjMgMCAyNi0xMS43IDI2LTI2VjIxMS4xYzAtMTQuMy0xMS43LTI2LTI2LTI2SDI4Mi4zeiIgZmlsbD0iIzMzMzMzNiIgLz48cGF0aCBkPSJNNjk3LjkgMzQ5LjNzMTUuNiA0MC44LTE1OS4yIDQwLjhjLTE3OC42IDAtMjIwLTQwLjgtMjIwLTQwLjh2LTk2LjljMC02LjQgNS41LTExLjYgMTIuMy0xMS42aDM1NC41YzYuOCAwIDEyLjMgNS4yIDEyLjMgMTEuNnY5Ni45eiIgZmlsbD0iI0ZGRDYzMiIgLz48cGF0aCBkPSJNNTM4LjcgMzk1LjZjLTE3OC44IDAtMjIyLjEtNDAuNi0yMjMuOC00Mi40bC0xLjYtMS42di05OS4yYzAtOS40IDgtMTcuMSAxNy44LTE3LjFoMzU0LjVjOS44IDAgMTcuOCA3LjcgMTcuOCAxNy4xdjk2LjJjMC41IDIuNCAxIDgtMy40IDE0LjQtMTQuNyAyMS40LTcwLjUgMzIuNi0xNjEuMyAzMi42eiBtLTIxNC40LTQ4LjljNCAzIDE1LjkgMTAuNyA0MC44IDE4LjIgMjkuNCA5IDgzLjQgMTkuNiAxNzMuNyAxOS42IDEyMC4xIDAgMTQ2LjQtMTkuNSAxNTIuMi0yNy44IDIuMi0zLjIgMS44LTUuNSAxLjgtNS41bC0wLjQtMC45di05Ny45YzAtMy40LTMtNi4xLTYuOC02LjFIMzMxLjFjLTMuNyAwLTYuOCAyLjctNi44IDYuMXY5NC4zeiIgZmlsbD0iIzMzMzMzNiIgLz48cGF0aCBkPSJNNTc1IDMxMC40aC02LjljLTIuOCAwLTUuMS0yLjMtNS4xLTUuMVYyNzdjMC0yLjggMi4zLTUuMSA1LjEtNS4xaDYuOWMyLjggMCA1LjEgMi4zIDUuMSA1LjF2MjguMmMwIDIuOS0yLjMgNS4yLTUuMSA1LjJ6TTU3NSAzNTYuNGgtNi45Yy0yLjggMC01LjEtMi4zLTUuMS01LjFWMzIzYzAtMi44IDIuMy01LjEgNS4xLTUuMWg2LjljMi44IDAgNS4xIDIuMyA1LjEgNS4xdjI4LjJjMCAyLjktMi4zIDUuMi01LjEgNS4yek02NTIuOSAzMTguOWgtNDEuNmMtMi40IDAtNC4zLTEuOS00LjMtNC4zdi01LjhjMC0yLjQgMS45LTQuMyA0LjMtNC4zaDQxLjZjMi40IDAgNC4zIDEuOSA0LjMgNC4zdjUuOGMwIDIuNC0xLjkgNC4zLTQuMyA0LjN6IiBmaWxsPSIjMzMzMzM2IiAvPjxwYXRoIGQ9Ik02MzkuNyAyOTIuNXYzOC40YzAgMi41LTIgNC41LTQuNSA0LjVoLTYuMWMtMi41IDAtNC41LTItNC41LTQuNXYtMzguNGMwLTIuNSAyLTQuNSA0LjUtNC41aDYuMWMyLjUgMCA0LjUgMiA0LjUgNC41eiIgZmlsbD0iIzMzMzMzNiIgLz48cGF0aCBkPSJNNDMyLjkgNTA0LjZIMzUzYy0xOC45IDAtMzQuMi0xNS4zLTM0LjItMzQuMnYtMy4xYzAtMTguOSAxNS4zLTM0LjIgMzQuMi0zNC4yaDc5LjhjMTguOSAwIDM0LjIgMTUuMyAzNC4yIDM0LjJ2My4xYzAuMSAxOC45LTE1LjIgMzQuMi0zNC4xIDM0LjJ6IiBmaWxsPSIjRDVEOUNGIiAvPjxwYXRoIGQ9Ik00MzIuOSA1MTAuMUgzNTNjLTIxLjkgMC0zOS43LTE3LjgtMzkuNy0zOS43di0zLjFjMC0yMS45IDE3LjgtMzkuNyAzOS43LTM5LjdoNzkuOGMyMS45IDAgMzkuNyAxNy44IDM5LjcgMzkuN3YzLjFjMC4xIDIxLjktMTcuNyAzOS43LTM5LjYgMzkuN3pNMzUzIDQzOC41Yy0xNS45IDAtMjguNyAxMi45LTI4LjcgMjguN3YzLjFjMCAxNS45IDEyLjkgMjguNyAyOC43IDI4LjdoNzkuOGMxNS45IDAgMjguNy0xMi45IDI4LjctMjguN3YtMy4xYzAtMTUuOS0xMi45LTI4LjctMjguNy0yOC43SDM1M3oiIGZpbGw9IiMzMzMzMzYiIC8+PHBhdGggZD0iTTMxOC44IDQ2OC44YTM3LjkgMzUuOCAwIDEgMCA3NS44IDAgMzcuOSAzNS44IDAgMSAwLTc1LjggMFoiIGZpbGw9IiNGRkQ2MzIiIC8+PHBhdGggZD0iTTM1Ni43IDUxMC4xYy0yMy45IDAtNDMuNC0xOC41LTQzLjQtNDEuM3MxOS41LTQxLjMgNDMuNC00MS4zIDQzLjQgMTguNSA0My40IDQxLjMtMTkuNSA0MS4zLTQzLjQgNDEuM3ogbTAtNzEuNmMtMTcuOCAwLTMyLjQgMTMuNi0zMi40IDMwLjNzMTQuNSAzMC4zIDMyLjQgMzAuMyAzMi40LTEzLjYgMzIuNC0zMC4zLTE0LjUtMzAuMy0zMi40LTMwLjN6IiBmaWxsPSIjMzMzMzM2IiAvPjxwYXRoIGQ9Ik00ODUuOCA2NTAuNEgzMzMuNGMtOC4xIDAtMTQuNi02LjUtMTQuNi0xNC42di01OC4zYzAtOC4xIDYuNS0xNC42IDE0LjYtMTQuNmgxNTIuM2M4LjEgMCAxNC42IDYuNSAxNC42IDE0LjZ2NTguM2MwIDguMS02LjUgMTQuNi0xNC41IDE0LjZ6IiBmaWxsPSIjRkZENjMyIiAvPjxwYXRoIGQ9Ik00ODUuOCA2NTUuOUgzMzMuNGMtMTEuMSAwLTIwLjEtOS0yMC4xLTIwLjF2LTU4LjNjMC0xMS4xIDktMjAuMSAyMC4xLTIwLjFoMTUyLjNjMTEuMSAwIDIwLjEgOSAyMC4xIDIwLjF2NTguM2MwIDExLjEtOSAyMC4xLTIwIDIwLjF6IG0tMTUyLjQtODcuNWMtNSAwLTkuMSA0LjEtOS4xIDkuMXY1OC4zYzAgNSA0LjEgOS4xIDkuMSA5LjFoMTUyLjNjNSAwIDkuMS00LjEgOS4xLTkuMXYtNTguM2MwLTUtNC4xLTkuMS05LjEtOS4xSDMzMy40eiIgZmlsbD0iIzMzMzMzNiIgLz48cGF0aCBkPSJNNDg1LjggNzg4LjFIMzMzLjRjLTguMSAwLTE0LjYtNi41LTE0LjYtMTQuNnYtNTguM2MwLTguMSA2LjUtMTQuNiAxNC42LTE0LjZoMTUyLjNjOC4xIDAgMTQuNiA2LjUgMTQuNiAxNC42djU4LjNjMCA4LTYuNSAxNC42LTE0LjUgMTQuNnoiIGZpbGw9IiNGRkQ2MzIiIC8+PHBhdGggZD0iTTQ4NS44IDc5My42SDMzMy40Yy0xMS4xIDAtMjAuMS05LTIwLjEtMjAuMXYtNTguM2MwLTExLjEgOS0yMC4xIDIwLjEtMjAuMWgxNTIuM2MxMS4xIDAgMjAuMSA5IDIwLjEgMjAuMXY1OC4zYzAgMTEuMS05IDIwLjEtMjAgMjAuMXogbS0xNTIuNC04Ny41Yy01IDAtOS4xIDQuMS05LjEgOS4xdjU4LjNjMCA1IDQuMSA5LjEgOS4xIDkuMWgxNTIuM2M1IDAgOS4xLTQuMSA5LjEtOS4xdi01OC4zYzAtNS00LjEtOS4xLTkuMS05LjFIMzMzLjR6IiBmaWxsPSIjMzMzMzM2IiAvPjxwYXRoIGQ9Ik02ODIuOCA3ODYuNkg1NzdjLTcuNyAwLTEzLjktNi4yLTEzLjktMTMuOXYtMTk0YzAtNy43IDYuMi0xMy45IDEzLjktMTMuOWgxMDUuOWM3LjcgMCAxMy45IDYuMiAxMy45IDEzLjl2MTk0Yy0wLjEgNy43LTYuMyAxMy45LTE0IDEzLjl6IiBmaWxsPSIjRDhBMTI4IiAvPjxwYXRoIGQ9Ik02ODIuOCA3OTIuMUg1NzdjLTEwLjcgMC0xOS40LTguNy0xOS40LTE5LjR2LTE5NGMwLTEwLjcgOC43LTE5LjQgMTkuNC0xOS40aDEwNS45YzEwLjcgMCAxOS40IDguNyAxOS40IDE5LjR2MTk0Yy0wLjEgMTAuNy04LjggMTkuNC0xOS41IDE5LjR6TTU3NyA1NzAuM2MtNC43IDAtOC40IDMuOC04LjQgOC40djE5NGMwIDQuNyAzLjggOC40IDguNCA4LjRoMTA1LjljNC43IDAgOC40LTMuOCA4LjQtOC40di0xOTRjMC00LjctMy44LTguNC04LjQtOC40SDU3N3oiIGZpbGw9IiMzMzMzMzYiIC8+PHBhdGggZD0iTTUzOS4xIDQ1Ni41bC0xNS4yIDI3LjkiIGZpbGw9IiNEOEExMjgiIC8+PHBhdGggZD0iTTUyMy44IDQ4OS45Yy0wLjkgMC0xLjgtMC4yLTIuNi0wLjctMi43LTEuNS0zLjctNC44LTIuMi03LjVsMTUuMi0yNy45YzEuNS0yLjcgNC44LTMuNiA3LjUtMi4yIDIuNyAxLjUgMy43IDQuOCAyLjIgNy41TDUyOC43IDQ4N2MtMSAxLjgtMi45IDIuOS00LjkgMi45eiIgZmlsbD0iIzMzMzMzNiIgLz48cGF0aCBkPSJNNTc5LjEgNDU2LjVsLTE1LjIgMjcuOSIgZmlsbD0iI0Q4QTEyOCIgLz48cGF0aCBkPSJNNTYzLjkgNDg5LjljLTAuOSAwLTEuOC0wLjItMi42LTAuNy0yLjctMS41LTMuNy00LjgtMi4yLTcuNWwxNS4yLTI3LjljMS41LTIuNyA0LjgtMy42IDcuNS0yLjIgMi43IDEuNSAzLjcgNC44IDIuMiA3LjVMNTY4LjggNDg3Yy0xIDEuOC0yLjkgMi45LTQuOSAyLjl6IiBmaWxsPSIjMzMzMzM2IiAvPjxwYXRoIGQ9Ik02MTkuMiA0NTYuNUw2MDQgNDg0LjQiIGZpbGw9IiNEOEExMjgiIC8+PHBhdGggZD0iTTYwNCA0ODkuOWMtMC45IDAtMS44LTAuMi0yLjYtMC43LTIuNy0xLjUtMy43LTQuOC0yLjItNy41bDE1LjItMjcuOWMxLjUtMi43IDQuOC0zLjYgNy41LTIuMiAyLjcgMS41IDMuNyA0LjggMi4yIDcuNUw2MDguOSA0ODdjLTEgMS44LTIuOSAyLjktNC45IDIuOXoiIGZpbGw9IiMzMzMzMzYiIC8+PHBhdGggZD0iTTY1OS4zIDQ1Ni41bC0xNS4yIDI3LjkiIGZpbGw9IiNEOEExMjgiIC8+PHBhdGggZD0iTTY0NC4xIDQ4OS45Yy0wLjkgMC0xLjgtMC4yLTIuNi0wLjctMi43LTEuNS0zLjctNC44LTIuMi03LjVsMTUuMi0yNy45YzEuNS0yLjcgNC44LTMuNiA3LjUtMi4yIDIuNyAxLjUgMy43IDQuOCAyLjIgNy41TDY0OSA0ODdjLTEgMS44LTIuOSAyLjktNC45IDIuOXoiIGZpbGw9IiMzMzMzMzYiIC8+PHBhdGggZD0iTTY5OS40IDQ1Ni41bC0xNS4yIDI3LjkiIGZpbGw9IiNEOEExMjgiIC8+PHBhdGggZD0iTTY4NC4yIDQ4OS45Yy0wLjkgMC0xLjgtMC4yLTIuNi0wLjctMi43LTEuNS0zLjctNC44LTIuMi03LjVsMTUuMi0yNy45YzEuNS0yLjcgNC44LTMuNiA3LjUtMi4yIDIuNyAxLjUgMy43IDQuOCAyLjIgNy41TDY4OS4xIDQ4N2MtMSAxLjgtMi45IDIuOS00LjkgMi45eiIgZmlsbD0iIzMzMzMzNiIgLz48L3N2Zz4='
description: 'Drupal Block/bootstrap_paragraphs'
behavior_plugins: {  }
